
Microsoft Visual Studio Solution File, Format Version 12.00
# Visual Studio Version 16
VisualStudioVersion = 16.0.30330.147
MinimumVisualStudioVersion = 10.0.40219.1
Project("{FAE04EC0-301F-11D3-BF4B-00C04F79EFBC}") = "Lab5Variant10", "Lab5Variant10\Lab5Variant10.csproj", "{5A60C9BC-EEEB-4A3A-BB51-92914E5DBFC4}"
EndProject
Project("{FAE04EC0-301F-11D3-BF4B-00C04F79EFBC}") = "UnitTestProject1", "UnitTestProject1\UnitTestProject1.csproj", "{42626EE4-478A-4422-9C86-2A56E51778F0}"
EndProject
Global
	GlobalSection(SolutionConfigurationPlatforms) = preSolution
		Debug|Any CPU = Debug|Any CPU
		Release|Any CPU = Release|Any CPU
	EndGlobalSection
	GlobalSection(ProjectConfigurationPlatforms) = postSolution
		{5A60C9BC-EEEB-4A3A-BB51-92914E5DBFC4}.Debug|Any CPU.ActiveCfg = Debug|Any CPU
		{5A60C9BC-EEEB-4A3A-BB51-92914E5DBFC4}.Debug|Any CPU.Build.0 = Debug|Any CPU
		{5A60C9BC-EEEB-4A3A-BB51-92914E5DBFC4}.Release|Any CPU.ActiveCfg = Release|Any CPU
		{5A60C9BC-EEEB-4A3A-BB51-92914E5DBFC4}.Release|Any CPU.Build.0 = Release|Any CPU
		{42626EE4-478A-4422-9C86-2A56E51778F0}.Debug|Any CPU.ActiveCfg = Debug|Any CPU
		{42626EE4-478A-4422-9C86-2A56E51778F0}.Debug|Any CPU.Build.0 = Debug|Any CPU
		{42626EE4-478A-4422-9C86-2A56E51778F0}.Release|Any CPU.ActiveCfg = Release|Any CPU
		{42626EE4-478A-4422-9C86-2A56E51778F0}.Release|Any CPU.Build.0 = Release|Any CPU
	EndGlobalSection
	GlobalSection(SolutionProperties) = preSolution
		HideSolutionNode = FALSE
	EndGlobalSection
	GlobalSection(ExtensibilityGlobals) = postSolution
		SolutionGuid = {A528943D-ED36-4CCA-8F9D-1771459291CB}
	EndGlobalSection
EndGlobal
